
Microsoft Visual Studio Solution File, Format Version 12.00
# Visual Studio 15
VisualStudioVersion = 15.0.26403.7
MinimumVisualStudioVersion = 10.0.40219.1
Project("{FAE04EC0-301F-11D3-BF4B-00C04F79EFBC}") = "Datos", "Datos\Datos.csproj", "{ACBBD18F-16B6-4BF9-8505-00FF8D5F9307}"
EndProject
Project("{FAE04EC0-301F-11D3-BF4B-00C04F79EFBC}") = "Negocio", "Negocio\Negocio.csproj", "{D2BA96E7-A6F6-4DA5-A0C3-718BB119AB1E}"
EndProject
Project("{FAE04EC0-301F-11D3-BF4B-00C04F79EFBC}") = "Presentacion", "Presentacion\Presentacion.csproj", "{8C6F6C00-3C9A-4978-93C3-71BCA712B159}"
EndProject
Global
	GlobalSection(SolutionConfigurationPlatforms) = preSolution
		Debug|Any CPU = Debug|Any CPU
		Release|Any CPU = Release|Any CPU
	EndGlobalSection
	GlobalSection(ProjectConfigurationPlatforms) = postSolution
		{ACBBD18F-16B6-4BF9-8505-00FF8D5F9307}.Debug|Any CPU.ActiveCfg = Debug|Any CPU
		{ACBBD18F-16B6-4BF9-8505-00FF8D5F9307}.Debug|Any CPU.Build.0 = Debug|Any CPU
		{ACBBD18F-16B6-4BF9-8505-00FF8D5F9307}.Release|Any CPU.ActiveCfg = Release|Any CPU
		{ACBBD18F-16B6-4BF9-8505-00FF8D5F9307}.Release|Any CPU.Build.0 = Release|Any CPU
		{D2BA96E7-A6F6-4DA5-A0C3-718BB119AB1E}.Debug|Any CPU.ActiveCfg = Debug|Any CPU
		{D2BA96E7-A6F6-4DA5-A0C3-718BB119AB1E}.Debug|Any CPU.Build.0 = Debug|Any CPU
		{D2BA96E7-A6F6-4DA5-A0C3-718BB119AB1E}.Release|Any CPU.ActiveCfg = Release|Any CPU
		{D2BA96E7-A6F6-4DA5-A0C3-718BB119AB1E}.Release|Any CPU.Build.0 = Release|Any CPU
		{8C6F6C00-3C9A-4978-93C3-71BCA712B159}.Debug|Any CPU.ActiveCfg = Debug|Any CPU
		{8C6F6C00-3C9A-4978-93C3-71BCA712B159}.Debug|Any CPU.Build.0 = Debug|Any CPU
		{8C6F6C00-3C9A-4978-93C3-71BCA712B159}.Release|Any CPU.ActiveCfg = Release|Any CPU
		{8C6F6C00-3C9A-4978-93C3-71BCA712B159}.Release|Any CPU.Build.0 = Release|Any CPU
	EndGlobalSection
	GlobalSection(SolutionProperties) = preSolution
		HideSolutionNode = FALSE
	EndGlobalSection
EndGlobal
