
Microsoft Visual Studio Solution File, Format Version 12.00
# Visual Studio Version 17
VisualStudioVersion = 17.3.32819.101
MinimumVisualStudioVersion = 10.0.40219.1
Project("{FAE04EC0-301F-11D3-BF4B-00C04F79EFBC}") = "Modelo", "Modelo\Modelo.csproj", "{6086B82B-3030-4344-B6A7-D553E01BCCE0}"
EndProject
Global
	GlobalSection(SolutionConfigurationPlatforms) = preSolution
		Debug|Any CPU = Debug|Any CPU
		Release|Any CPU = Release|Any CPU
	EndGlobalSection
	GlobalSection(ProjectConfigurationPlatforms) = postSolution
		{6086B82B-3030-4344-B6A7-D553E01BCCE0}.Debug|Any CPU.ActiveCfg = Debug|Any CPU
		{6086B82B-3030-4344-B6A7-D553E01BCCE0}.Debug|Any CPU.Build.0 = Debug|Any CPU
		{6086B82B-3030-4344-B6A7-D553E01BCCE0}.Release|Any CPU.ActiveCfg = Release|Any CPU
		{6086B82B-3030-4344-B6A7-D553E01BCCE0}.Release|Any CPU.Build.0 = Release|Any CPU
	EndGlobalSection
	GlobalSection(SolutionProperties) = preSolution
		HideSolutionNode = FALSE
	EndGlobalSection
	GlobalSection(ExtensibilityGlobals) = postSolution
		SolutionGuid = {0E3D8643-5112-4AED-AA40-6AC8B3E9B764}
	EndGlobalSection
EndGlobal
