
Microsoft Visual Studio Solution File, Format Version 12.00
# Visual Studio Version 17
VisualStudioVersion = 17.3.32819.101
MinimumVisualStudioVersion = 10.0.40219.1
Project("{9A19103F-16F7-4668-BE54-9A1E7A4F7556}") = "Modelo", "Modelo\Modelo.csproj", "{6086B82B-3030-4344-B6A7-D553E01BCCE0}"
EndProject
Project("{9A19103F-16F7-4668-BE54-9A1E7A4F7556}") = "Controlador", "Controlador\Controlador.csproj", "{9EA86AC8-AE63-47A7-AF43-925F4FAE685E}"
EndProject
Project("{FAE04EC0-301F-11D3-BF4B-00C04F79EFBC}") = "WindowsFormsApp1", "WindowsFormsApp1\WindowsFormsApp1.csproj", "{021299DC-8D28-40C3-9DE3-42019B55BB67}"
EndProject
Global
	GlobalSection(SolutionConfigurationPlatforms) = preSolution
		Debug|Any CPU = Debug|Any CPU
		Release|Any CPU = Release|Any CPU
	EndGlobalSection
	GlobalSection(ProjectConfigurationPlatforms) = postSolution
		{6086B82B-3030-4344-B6A7-D553E01BCCE0}.Debug|Any CPU.ActiveCfg = Debug|Any CPU
		{6086B82B-3030-4344-B6A7-D553E01BCCE0}.Debug|Any CPU.Build.0 = Debug|Any CPU
		{6086B82B-3030-4344-B6A7-D553E01BCCE0}.Release|Any CPU.ActiveCfg = Release|Any CPU
		{6086B82B-3030-4344-B6A7-D553E01BCCE0}.Release|Any CPU.Build.0 = Release|Any CPU
		{9EA86AC8-AE63-47A7-AF43-925F4FAE685E}.Debug|Any CPU.ActiveCfg = Debug|Any CPU
		{9EA86AC8-AE63-47A7-AF43-925F4FAE685E}.Debug|Any CPU.Build.0 = Debug|Any CPU
		{9EA86AC8-AE63-47A7-AF43-925F4FAE685E}.Release|Any CPU.ActiveCfg = Release|Any CPU
		{9EA86AC8-AE63-47A7-AF43-925F4FAE685E}.Release|Any CPU.Build.0 = Release|Any CPU
		{021299DC-8D28-40C3-9DE3-42019B55BB67}.Debug|Any CPU.ActiveCfg = Debug|Any CPU
		{021299DC-8D28-40C3-9DE3-42019B55BB67}.Debug|Any CPU.Build.0 = Debug|Any CPU
		{021299DC-8D28-40C3-9DE3-42019B55BB67}.Release|Any CPU.ActiveCfg = Release|Any CPU
		{021299DC-8D28-40C3-9DE3-42019B55BB67}.Release|Any CPU.Build.0 = Release|Any CPU
	EndGlobalSection
	GlobalSection(SolutionProperties) = preSolution
		HideSolutionNode = FALSE
	EndGlobalSection
	GlobalSection(ExtensibilityGlobals) = postSolution
		SolutionGuid = {0E3D8643-5112-4AED-AA40-6AC8B3E9B764}
	EndGlobalSection
EndGlobal
